
Microsoft Visual Studio Solution File, Format Version 12.00
# Visual Studio Version 16
VisualStudioVersion = 16.0.30320.27
MinimumVisualStudioVersion = 10.0.40219.1
Project("{FAE04EC0-301F-11D3-BF4B-00C04F79EFBC}") = "Shops", "Shops.csproj", "{56ADF88A-D58E-4B6B-8EEB-A00A359469DB}"
EndProject
Global
	GlobalSection(SolutionConfigurationPlatforms) = preSolution
		Debug|Any CPU = Debug|Any CPU
		Release|Any CPU = Release|Any CPU
	EndGlobalSection
	GlobalSection(ProjectConfigurationPlatforms) = postSolution
		{56ADF88A-D58E-4B6B-8EEB-A00A359469DB}.Debug|Any CPU.ActiveCfg = Debug|Any CPU
		{56ADF88A-D58E-4B6B-8EEB-A00A359469DB}.Debug|Any CPU.Build.0 = Debug|Any CPU
		{56ADF88A-D58E-4B6B-8EEB-A00A359469DB}.Release|Any CPU.ActiveCfg = Release|Any CPU
		{56ADF88A-D58E-4B6B-8EEB-A00A359469DB}.Release|Any CPU.Build.0 = Release|Any CPU
	EndGlobalSection
	GlobalSection(SolutionProperties) = preSolution
		HideSolutionNode = FALSE
	EndGlobalSection
	GlobalSection(ExtensibilityGlobals) = postSolution
		SolutionGuid = {95F89C8A-BA58-474F-BA2E-C8D1CB6F1F70}
	EndGlobalSection
EndGlobal
